{
  "name": "npm",
  "version": "1.0.0",
  "lockfileVersion": 3,
  "requires": true,
  "packages": {
    "": {
      "name": "npm",
      "version": "1.0.0",
      "license": "ISC",
      "dependencies": {
        "random-name-generator": "^1.1.1",
        "random-names-generator": "^1.0.2"
      }
    },
    "node_modules/random-name-generator": {
      "version": "1.1.1",
      "resolved": "https://registry.npmjs.org/random-name-generator/-/random-name-generator-1.1.1.tgz",
      "integrity": "sha512-IjyigHd40gM5LPYiJ9GvofQMAgcMFwLJA57asyKIdYk29kzXaVI0nOJ1Gc/q3m32tCg5GsAIs06VHiy2esRJIg=="
    },
    "node_modules/random-names-generator": {
      "version": "1.0.2",
      "resolved": "https://registry.npmjs.org/random-names-generator/-/random-names-generator-1.0.2.tgz",
      "integrity": "sha512-E+ZFk/dtzApDmyGs0F1HUQs5ZBgRJNk7hupcHcFC98/swh4Ft79QxdKwJXyTTJyVtLRvLFUJ2KPjTToInbSWfg==",
      "dependencies": {
        "unique-random-array": "^2.0.0"
      }
    },
    "node_modules/unique-random": {
      "version": "2.1.0",
      "resolved": "https://registry.npmjs.org/unique-random/-/unique-random-2.1.0.tgz",
      "integrity": "sha512-iQ1ZgWac3b8YxGThecQFRQiqgk6xFERRwHZIWeVVsqlbmgCRl0PY13R4mUkodNgctmg5b5odG1nyW/IbOxQTqg==",
      "engines": {
        "node": ">=6"
      }
    },
    "node_modules/unique-random-array": {
      "version": "2.0.0",
      "resolved": "https://registry.npmjs.org/unique-random-array/-/unique-random-array-2.0.0.tgz",
      "integrity": "sha512-xR87O95fZ7hljw84J8r1YDXrvffPLWN513BNOP4Bv0KcgG5dyEUrHwsvP7mVAOKg4Y80uqRbpUk0GKr8il70qg==",
      "dependencies": {
        "unique-random": "^2.1.0"
      },
      "engines": {
        "node": ">=8"
      }
    }
  }
}
